// !$*UTF8*$!
{
	archiveVersion = 1;
	classes = {
	};
	objectVersion = 56;
	objects = {

/* Begin PBXBuildFile section */
		1B30F80529015C1F003BBE2C /* BurdenApp.swift in Sources */ = {isa = PBXBuildFile; fileRef = 1B30F80429015C1F003BBE2C /* BurdenApp.swift */; };
		1B30F80929015C20003BBE2C /* Assets.xcassets in Resources */ = {isa = PBXBuildFile; fileRef = 1B30F80829015C20003BBE2C /* Assets.xcassets */; };
		1B30F80C29015C20003BBE2C /* Preview Assets.xcassets in Resources */ = {isa = PBXBuildFile; fileRef = 1B30F80B29015C20003BBE2C /* Preview Assets.xcassets */; };
		1B30F81629015C20003BBE2C /* BurdenTests.swift in Sources */ = {isa = PBXBuildFile; fileRef = 1B30F81529015C20003BBE2C /* BurdenTests.swift */; };
		1B30F82029015C20003BBE2C /* BurdenUITests.swift in Sources */ = {isa = PBXBuildFile; fileRef = 1B30F81F29015C20003BBE2C /* BurdenUITests.swift */; };
		1B30F82229015C20003BBE2C /* BurdenUITestsLaunchTests.swift in Sources */ = {isa = PBXBuildFile; fileRef = 1B30F82129015C20003BBE2C /* BurdenUITestsLaunchTests.swift */; };
		1B6EA6962906834F00075166 /* FeelView.swift in Sources */ = {isa = PBXBuildFile; fileRef = 1B6EA6952906834F00075166 /* FeelView.swift */; };
		A74CD0CC290BCDFB009B19BC /* RewardView.swift in Sources */ = {isa = PBXBuildFile; fileRef = A74CD0CB290BCDFB009B19BC /* RewardView.swift */; };
		DCEC82A7290A9281007374D6 /* PlayerModeView.swift in Sources */ = {isa = PBXBuildFile; fileRef = DCEC82A6290A9281007374D6 /* PlayerModeView.swift */; };
		E15F89BD2901948700DE8C9A /* ContentView.swift in Sources */ = {isa = PBXBuildFile; fileRef = 1B30F80629015C1F003BBE2C /* ContentView.swift */; };
		E15F89BF290199BF00DE8C9A /* OnePlayerGameView.swift in Sources */ = {isa = PBXBuildFile; fileRef = E15F89BE290199BF00DE8C9A /* OnePlayerGameView.swift */; };
		E15F89C12901AE3E00DE8C9A /* OnePlayerGameModel.swift in Sources */ = {isa = PBXBuildFile; fileRef = E15F89C02901AE3D00DE8C9A /* OnePlayerGameModel.swift */; };
		E183AF87290968CA000254CC /* OnePlayerGameFunc.swift in Sources */ = {isa = PBXBuildFile; fileRef = E183AF86290968CA000254CC /* OnePlayerGameFunc.swift */; };
/* End PBXBuildFile section */

/* Begin PBXContainerItemProxy section */
		1B30F81229015C20003BBE2C /* PBXContainerItemProxy */ = {
			isa = PBXContainerItemProxy;
			containerPortal = 1B30F7F929015C1F003BBE2C /* Project object */;
			proxyType = 1;
			remoteGlobalIDString = 1B30F80029015C1F003BBE2C;
			remoteInfo = Burden;
		};
		1B30F81C29015C20003BBE2C /* PBXContainerItemProxy */ = {
			isa = PBXContainerItemProxy;
			containerPortal = 1B30F7F929015C1F003BBE2C /* Project object */;
			proxyType = 1;
			remoteGlobalIDString = 1B30F80029015C1F003BBE2C;
			remoteInfo = Burden;
		};
/* End PBXContainerItemProxy section */

/* Begin PBXFileReference section */
		1B30F80129015C1F003BBE2C /* Burden.app */ = {isa = PBXFileReference; explicitFileType = wrapper.application; includeInIndex = 0; path = Burden.app; sourceTree = BUILT_PRODUCTS_DIR; };
		1B30F80429015C1F003BBE2C /* BurdenApp.swift */ = {isa = PBXFileReference; lastKnownFileType = sourcecode.swift; path = BurdenApp.swift; sourceTree = "<group>"; };
		1B30F80629015C1F003BBE2C /* ContentView.swift */ = {isa = PBXFileReference; lastKnownFileType = sourcecode.swift; path = ContentView.swift; sourceTree = "<group>"; };
		1B30F80829015C20003BBE2C /* Assets.xcassets */ = {isa = PBXFileReference; lastKnownFileType = folder.assetcatalog; path = Assets.xcassets; sourceTree = "<group>"; };
		1B30F80B29015C20003BBE2C /* Preview Assets.xcassets */ = {isa = PBXFileReference; lastKnownFileType = folder.assetcatalog; path = "Preview Assets.xcassets"; sourceTree = "<group>"; };
		1B30F81129015C20003BBE2C /* BurdenTests.xctest */ = {isa = PBXFileReference; explicitFileType = wrapper.cfbundle; includeInIndex = 0; path = BurdenTests.xctest; sourceTree = BUILT_PRODUCTS_DIR; };
		1B30F81529015C20003BBE2C /* BurdenTests.swift */ = {isa = PBXFileReference; lastKnownFileType = sourcecode.swift; path = BurdenTests.swift; sourceTree = "<group>"; };
		1B30F81B29015C20003BBE2C /* BurdenUITests.xctest */ = {isa = PBXFileReference; explicitFileType = wrapper.cfbundle; includeInIndex = 0; path = BurdenUITests.xctest; sourceTree = BUILT_PRODUCTS_DIR; };
		1B30F81F29015C20003BBE2C /* BurdenUITests.swift */ = {isa = PBXFileReference; lastKnownFileType = sourcecode.swift; path = BurdenUITests.swift; sourceTree = "<group>"; };
		1B30F82129015C20003BBE2C /* BurdenUITestsLaunchTests.swift */ = {isa = PBXFileReference; lastKnownFileType = sourcecode.swift; path = BurdenUITestsLaunchTests.swift; sourceTree = "<group>"; };
		1B6EA6952906834F00075166 /* FeelView.swift */ = {isa = PBXFileReference; lastKnownFileType = sourcecode.swift; path = FeelView.swift; sourceTree = "<group>"; };
		A74CD0CB290BCDFB009B19BC /* RewardView.swift */ = {isa = PBXFileReference; lastKnownFileType = sourcecode.swift; path = RewardView.swift; sourceTree = "<group>"; };
		DCEC82A6290A9281007374D6 /* PlayerModeView.swift */ = {isa = PBXFileReference; lastKnownFileType = sourcecode.swift; path = PlayerModeView.swift; sourceTree = "<group>"; };
		E15F89BE290199BF00DE8C9A /* OnePlayerGameView.swift */ = {isa = PBXFileReference; lastKnownFileType = sourcecode.swift; path = OnePlayerGameView.swift; sourceTree = "<group>"; };
		E15F89C02901AE3D00DE8C9A /* OnePlayerGameModel.swift */ = {isa = PBXFileReference; lastKnownFileType = sourcecode.swift; path = OnePlayerGameModel.swift; sourceTree = "<group>"; };
		E183AF86290968CA000254CC /* OnePlayerGameFunc.swift */ = {isa = PBXFileReference; lastKnownFileType = sourcecode.swift; path = OnePlayerGameFunc.swift; sourceTree = "<group>"; };
/* End PBXFileReference section */

/* Begin PBXFrameworksBuildPhase section */
		1B30F7FE29015C1F003BBE2C /* Frameworks */ = {
			isa = PBXFrameworksBuildPhase;
			buildActionMask = 2147483647;
			files = (
			);
			runOnlyForDeploymentPostprocessing = 0;
		};
		1B30F80E29015C20003BBE2C /* Frameworks */ = {
			isa = PBXFrameworksBuildPhase;
			buildActionMask = 2147483647;
			files = (
			);
			runOnlyForDeploymentPostprocessing = 0;
		};
		1B30F81829015C20003BBE2C /* Frameworks */ = {
			isa = PBXFrameworksBuildPhase;
			buildActionMask = 2147483647;
			files = (
			);
			runOnlyForDeploymentPostprocessing = 0;
		};
/* End PBXFrameworksBuildPhase section */

/* Begin PBXGroup section */
		1B30F7F829015C1F003BBE2C = {
			isa = PBXGroup;
			children = (
				1B30F80329015C1F003BBE2C /* Burden */,
				1B30F81429015C20003BBE2C /* BurdenTests */,
				1B30F81E29015C20003BBE2C /* BurdenUITests */,
				1B30F80229015C1F003BBE2C /* Products */,
			);
			sourceTree = "<group>";
		};
		1B30F80229015C1F003BBE2C /* Products */ = {
			isa = PBXGroup;
			children = (
				1B30F80129015C1F003BBE2C /* Burden.app */,
				1B30F81129015C20003BBE2C /* BurdenTests.xctest */,
				1B30F81B29015C20003BBE2C /* BurdenUITests.xctest */,
			);
			name = Products;
			sourceTree = "<group>";
		};
		1B30F80329015C1F003BBE2C /* Burden */ = {
			isa = PBXGroup;
			children = (
				1B30F80429015C1F003BBE2C /* BurdenApp.swift */,
				E15F89C32901AE5900DE8C9A /* View */,
				E15F89C22901AE4A00DE8C9A /* Model */,
				1B30F80829015C20003BBE2C /* Assets.xcassets */,
				1B30F80A29015C20003BBE2C /* Preview Content */,
			);
			path = Burden;
			sourceTree = "<group>";
		};
		1B30F80A29015C20003BBE2C /* Preview Content */ = {
			isa = PBXGroup;
			children = (
				1B30F80B29015C20003BBE2C /* Preview Assets.xcassets */,
			);
			path = "Preview Content";
			sourceTree = "<group>";
		};
		1B30F81429015C20003BBE2C /* BurdenTests */ = {
			isa = PBXGroup;
			children = (
				1B30F81529015C20003BBE2C /* BurdenTests.swift */,
			);
			path = BurdenTests;
			sourceTree = "<group>";
		};
		1B30F81E29015C20003BBE2C /* BurdenUITests */ = {
			isa = PBXGroup;
			children = (
				1B30F81F29015C20003BBE2C /* BurdenUITests.swift */,
				1B30F82129015C20003BBE2C /* BurdenUITestsLaunchTests.swift */,
			);
			path = BurdenUITests;
			sourceTree = "<group>";
		};
		E15F89C22901AE4A00DE8C9A /* Model */ = {
			isa = PBXGroup;
			children = (
				E15F89C02901AE3D00DE8C9A /* OnePlayerGameModel.swift */,
				E183AF86290968CA000254CC /* OnePlayerGameFunc.swift */,
			);
			path = Model;
			sourceTree = "<group>";
		};
		E15F89C32901AE5900DE8C9A /* View */ = {
			isa = PBXGroup;
			children = (
				1B30F80629015C1F003BBE2C /* ContentView.swift */,
				A74CD0CB290BCDFB009B19BC /* RewardView.swift */,
				E15F89BE290199BF00DE8C9A /* OnePlayerGameView.swift */,
				DCEC82A6290A9281007374D6 /* PlayerModeView.swift */,
				1B6EA6952906834F00075166 /* FeelView.swift */,
			);
			path = View;
			sourceTree = "<group>";
		};
/* End PBXGroup section */

/* Begin PBXNativeTarget section */
		1B30F80029015C1F003BBE2C /* Burden */ = {
			isa = PBXNativeTarget;
			buildConfigurationList = 1B30F82529015C20003BBE2C /* Build configuration list for PBXNativeTarget "Burden" */;
			buildPhases = (
				1B30F7FD29015C1F003BBE2C /* Sources */,
				1B30F7FE29015C1F003BBE2C /* Frameworks */,
				1B30F7FF29015C1F003BBE2C /* Resources */,
			);
			buildRules = (
			);
			dependencies = (
			);
			name = Burden;
			productName = Burden;
			productReference = 1B30F80129015C1F003BBE2C /* Burden.app */;
			productType = "com.apple.product-type.application";
		};
		1B30F81029015C20003BBE2C /* BurdenTests */ = {
			isa = PBXNativeTarget;
			buildConfigurationList = 1B30F82829015C20003BBE2C /* Build configuration list for PBXNativeTarget "BurdenTests" */;
			buildPhases = (
				1B30F80D29015C20003BBE2C /* Sources */,
				1B30F80E29015C20003BBE2C /* Frameworks */,
				1B30F80F29015C20003BBE2C /* Resources */,
			);
			buildRules = (
			);
			dependencies = (
				1B30F81329015C20003BBE2C /* PBXTargetDependency */,
			);
			name = BurdenTests;
			productName = BurdenTests;
			productReference = 1B30F81129015C20003BBE2C /* BurdenTests.xctest */;
			productType = "com.apple.product-type.bundle.unit-test";
		};
		1B30F81A29015C20003BBE2C /* BurdenUITests */ = {
			isa = PBXNativeTarget;
			buildConfigurationList = 1B30F82B29015C20003BBE2C /* Build configuration list for PBXNativeTarget "BurdenUITests" */;
			buildPhases = (
				1B30F81729015C20003BBE2C /* Sources */,
				1B30F81829015C20003BBE2C /* Frameworks */,
				1B30F81929015C20003BBE2C /* Resources */,
			);
			buildRules = (
			);
			dependencies = (
				1B30F81D29015C20003BBE2C /* PBXTargetDependency */,
			);
			name = BurdenUITests;
			productName = BurdenUITests;
			productReference = 1B30F81B29015C20003BBE2C /* BurdenUITests.xctest */;
			productType = "com.apple.product-type.bundle.ui-testing";
		};
/* End PBXNativeTarget section */

/* Begin PBXProject section */
		1B30F7F929015C1F003BBE2C /* Project object */ = {
			isa = PBXProject;
			attributes = {
				BuildIndependentTargetsInParallel = 1;
				LastSwiftUpdateCheck = 1400;
				LastUpgradeCheck = 1400;
				TargetAttributes = {
					1B30F80029015C1F003BBE2C = {
						CreatedOnToolsVersion = 14.0.1;
					};
					1B30F81029015C20003BBE2C = {
						CreatedOnToolsVersion = 14.0.1;
						TestTargetID = 1B30F80029015C1F003BBE2C;
					};
					1B30F81A29015C20003BBE2C = {
						CreatedOnToolsVersion = 14.0.1;
						TestTargetID = 1B30F80029015C1F003BBE2C;
					};
				};
			};
			buildConfigurationList = 1B30F7FC29015C1F003BBE2C /* Build configuration list for PBXProject "Burden" */;
			compatibilityVersion = "Xcode 14.0";
			developmentRegion = en;
			hasScannedForEncodings = 0;
			knownRegions = (
				en,
				Base,
			);
			mainGroup = 1B30F7F829015C1F003BBE2C;
			productRefGroup = 1B30F80229015C1F003BBE2C /* Products */;
			projectDirPath = "";
			projectRoot = "";
			targets = (
				1B30F80029015C1F003BBE2C /* Burden */,
				1B30F81029015C20003BBE2C /* BurdenTests */,
				1B30F81A29015C20003BBE2C /* BurdenUITests */,
			);
		};
/* End PBXProject section */

/* Begin PBXResourcesBuildPhase section */
		1B30F7FF29015C1F003BBE2C /* Resources */ = {
			isa = PBXResourcesBuildPhase;
			buildActionMask = 2147483647;
			files = (
				1B30F80C29015C20003BBE2C /* Preview Assets.xcassets in Resources */,
				1B30F80929015C20003BBE2C /* Assets.xcassets in Resources */,
			);
			runOnlyForDeploymentPostprocessing = 0;
		};
		1B30F80F29015C20003BBE2C /* Resources */ = {
			isa = PBXResourcesBuildPhase;
			buildActionMask = 2147483647;
			files = (
			);
			runOnlyForDeploymentPostprocessing = 0;
		};
		1B30F81929015C20003BBE2C /* Resources */ = {
			isa = PBXResourcesBuildPhase;
			buildActionMask = 2147483647;
			files = (
			);
			runOnlyForDeploymentPostprocessing = 0;
		};
/* End PBXResourcesBuildPhase section */

/* Begin PBXSourcesBuildPhase section */
		1B30F7FD29015C1F003BBE2C /* Sources */ = {
			isa = PBXSourcesBuildPhase;
			buildActionMask = 2147483647;
			files = (
				E15F89BF290199BF00DE8C9A /* OnePlayerGameView.swift in Sources */,
				1B6EA6962906834F00075166 /* FeelView.swift in Sources */,
				DCEC82A7290A9281007374D6 /* PlayerModeView.swift in Sources */,
				A74CD0CC290BCDFB009B19BC /* RewardView.swift in Sources */,
				E15F89C12901AE3E00DE8C9A /* OnePlayerGameModel.swift in Sources */,
				E183AF87290968CA000254CC /* OnePlayerGameFunc.swift in Sources */,
				E15F89BD2901948700DE8C9A /* ContentView.swift in Sources */,
				1B30F80529015C1F003BBE2C /* BurdenApp.swift in Sources */,
			);
			runOnlyForDeploymentPostprocessing = 0;
		};
		1B30F80D29015C20003BBE2C /* Sources */ = {
			isa = PBXSourcesBuildPhase;
			buildActionMask = 2147483647;
			files = (
				1B30F81629015C20003BBE2C /* BurdenTests.swift in Sources */,
			);
			runOnlyForDeploymentPostprocessing = 0;
		};
		1B30F81729015C20003BBE2C /* Sources */ = {
			isa = PBXSourcesBuildPhase;
			buildActionMask = 2147483647;
			files = (
				1B30F82229015C20003BBE2C /* BurdenUITestsLaunchTests.swift in Sources */,
				1B30F82029015C20003BBE2C /* BurdenUITests.swift in Sources */,
			);
			runOnlyForDeploymentPostprocessing = 0;
		};
/* End PBXSourcesBuildPhase section */

/* Begin PBXTargetDependency section */
		1B30F81329015C20003BBE2C /* PBXTargetDependency */ = {
			isa = PBXTargetDependency;
			target = 1B30F80029015C1F003BBE2C /* Burden */;
			targetProxy = 1B30F81229015C20003BBE2C /* PBXContainerItemProxy */;
		};
		1B30F81D29015C20003BBE2C /* PBXTargetDependency */ = {
			isa = PBXTargetDependency;
			target = 1B30F80029015C1F003BBE2C /* Burden */;
			targetProxy = 1B30F81C29015C20003BBE2C /* PBXContainerItemProxy */;
		};
/* End PBXTargetDependency section */

/* Begin XCBuildConfiguration section */
		1B30F82329015C20003BBE2C /* Debug */ = {
			isa = XCBuildConfiguration;
			buildSettings = {
				ALWAYS_SEARCH_USER_PATHS = NO;
				CLANG_ANALYZER_NONNULL = YES;
				CLANG_ANALYZER_NUMBER_OBJECT_CONVERSION = YES_AGGRESSIVE;
				CLANG_CXX_LANGUAGE_STANDARD = "gnu++20";
				CLANG_ENABLE_MODULES = YES;
				CLANG_ENABLE_OBJC_ARC = YES;
				CLANG_ENABLE_OBJC_WEAK = YES;
				CLANG_WARN_BLOCK_CAPTURE_AUTORELEASING = YES;
				CLANG_WARN_BOOL_CONVERSION = YES;
				CLANG_WARN_COMMA = YES;
				CLANG_WARN_CONSTANT_CONVERSION = YES;
				CLANG_WARN_DEPRECATED_OBJC_IMPLEMENTATIONS = YES;
				CLANG_WARN_DIRECT_OBJC_ISA_USAGE = YES_ERROR;
				CLANG_WARN_DOCUMENTATION_COMMENTS = YES;
				CLANG_WARN_EMPTY_BODY = YES;
				CLANG_WARN_ENUM_CONVERSION = YES;
				CLANG_WARN_INFINITE_RECURSION = YES;
				CLANG_WARN_INT_CONVERSION = YES;
				CLANG_WARN_NON_LITERAL_NULL_CONVERSION = YES;
				CLANG_WARN_OBJC_IMPLICIT_RETAIN_SELF = YES;
				CLANG_WARN_OBJC_LITERAL_CONVERSION = YES;
				CLANG_WARN_OBJC_ROOT_CLASS = YES_ERROR;
				CLANG_WARN_QUOTED_INCLUDE_IN_FRAMEWORK_HEADER = YES;
				CLANG_WARN_RANGE_LOOP_ANALYSIS = YES;
				CLANG_WARN_STRICT_PROTOTYPES = YES;
				CLANG_WARN_SUSPICIOUS_MOVE = YES;
				CLANG_WARN_UNGUARDED_AVAILABILITY = YES_AGGRESSIVE;
				CLANG_WARN_UNREACHABLE_CODE = YES;
				CLANG_WARN__DUPLICATE_METHOD_MATCH = YES;
				COPY_PHASE_STRIP = NO;
				DEBUG_INFORMATION_FORMAT = dwarf;
				ENABLE_STRICT_OBJC_MSGSEND = YES;
				ENABLE_TESTABILITY = YES;
				GCC_C_LANGUAGE_STANDARD = gnu11;
				GCC_DYNAMIC_NO_PIC = NO;
				GCC_NO_COMMON_BLOCKS = YES;
				GCC_OPTIMIZATION_LEVEL = 0;
				GCC_PREPROCESSOR_DEFINITIONS = (
					"DEBUG=1",
					"$(inherited)",
				);
				GCC_WARN_64_TO_32_BIT_CONVERSION = YES;
				GCC_WARN_ABOUT_RETURN_TYPE = YES_ERROR;
				GCC_WARN_UNDECLARED_SELECTOR = YES;
				GCC_WARN_UNINITIALIZED_AUTOS = YES_AGGRESSIVE;
				GCC_WARN_UNUSED_FUNCTION = YES;
				GCC_WARN_UNUSED_VARIABLE = YES;
				IPHONEOS_DEPLOYMENT_TARGET = 16.0;
				MTL_ENABLE_DEBUG_INFO = INCLUDE_SOURCE;
				MTL_FAST_MATH = YES;
				ONLY_ACTIVE_ARCH = YES;
				SDKROOT = iphoneos;
				SWIFT_ACTIVE_COMPILATION_CONDITIONS = DEBUG;
				SWIFT_OPTIMIZATION_LEVEL = "-Onone";
			};
			name = Debug;
		};
		1B30F82429015C20003BBE2C /* Release */ = {
			isa = XCBuildConfiguration;
			buildSettings = {
				ALWAYS_SEARCH_USER_PATHS = NO;
				CLANG_ANALYZER_NONNULL = YES;
				CLANG_ANALYZER_NUMBER_OBJECT_CONVERSION = YES_AGGRESSIVE;
				CLANG_CXX_LANGUAGE_STANDARD = "gnu++20";
				CLANG_ENABLE_MODULES = YES;
				CLANG_ENABLE_OBJC_ARC = YES;
				CLANG_ENABLE_OBJC_WEAK = YES;
				CLANG_WARN_BLOCK_CAPTURE_AUTORELEASING = YES;
				CLANG_WARN_BOOL_CONVERSION = YES;
				CLANG_WARN_COMMA = YES;
				CLANG_WARN_CONSTANT_CONVERSION = YES;
				CLANG_WARN_DEPRECATED_OBJC_IMPLEMENTATIONS = YES;
				CLANG_WARN_DIRECT_OBJC_ISA_USAGE = YES_ERROR;
				CLANG_WARN_DOCUMENTATION_COMMENTS = YES;
				CLANG_WARN_EMPTY_BODY = YES;
				CLANG_WARN_ENUM_CONVERSION = YES;
				CLANG_WARN_INFINITE_RECURSION = YES;
				CLANG_WARN_INT_CONVERSION = YES;
				CLANG_WARN_NON_LITERAL_NULL_CONVERSION = YES;
				CLANG_WARN_OBJC_IMPLICIT_RETAIN_SELF = YES;
				CLANG_WARN_OBJC_LITERAL_CONVERSION = YES;
				CLANG_WARN_OBJC_ROOT_CLASS = YES_ERROR;
				CLANG_WARN_QUOTED_INCLUDE_IN_FRAMEWORK_HEADER = YES;
				CLANG_WARN_RANGE_LOOP_ANALYSIS = YES;
				CLANG_WARN_STRICT_PROTOTYPES = YES;
				CLANG_WARN_SUSPICIOUS_MOVE = YES;
				CLANG_WARN_UNGUARDED_AVAILABILITY = YES_AGGRESSIVE;
				CLANG_WARN_UNREACHABLE_CODE = YES;
				CLANG_WARN__DUPLICATE_METHOD_MATCH = YES;
				COPY_PHASE_STRIP = NO;
				DEBUG_INFORMATION_FORMAT = "dwarf-with-dsym";
				ENABLE_NS_ASSERTIONS = NO;
				ENABLE_STRICT_OBJC_MSGSEND = YES;
				GCC_C_LANGUAGE_STANDARD = gnu11;
				GCC_NO_COMMON_BLOCKS = YES;
				GCC_WARN_64_TO_32_BIT_CONVERSION = YES;
				GCC_WARN_ABOUT_RETURN_TYPE = YES_ERROR;
				GCC_WARN_UNDECLARED_SELECTOR = YES;
				GCC_WARN_UNINITIALIZED_AUTOS = YES_AGGRESSIVE;
				GCC_WARN_UNUSED_FUNCTION = YES;
				GCC_WARN_UNUSED_VARIABLE = YES;
				IPHONEOS_DEPLOYMENT_TARGET = 16.0;
				MTL_ENABLE_DEBUG_INFO = NO;
				MTL_FAST_MATH = YES;
				SDKROOT = iphoneos;
				SWIFT_COMPILATION_MODE = wholemodule;
				SWIFT_OPTIMIZATION_LEVEL = "-O";
				VALIDATE_PRODUCT = YES;
			};
			name = Release;
		};
		1B30F82629015C20003BBE2C /* Debug */ = {
			isa = XCBuildConfiguration;
			buildSettings = {
				ASSETCATALOG_COMPILER_APPICON_NAME = AppIcon;
				ASSETCATALOG_COMPILER_GLOBAL_ACCENT_COLOR_NAME = AccentColor;
				CODE_SIGN_STYLE = Automatic;
				CURRENT_PROJECT_VERSION = 1;
				DEVELOPMENT_ASSET_PATHS = "\"Burden/Preview Content\"";
				DEVELOPMENT_TEAM = A6GC5K5ERX;
				ENABLE_PREVIEWS = YES;
				GENERATE_INFOPLIST_FILE = YES;
				INFOPLIST_KEY_UIApplicationSceneManifest_Generation = YES;
				INFOPLIST_KEY_UIApplicationSupportsIndirectInputEvents = YES;
				INFOPLIST_KEY_UILaunchScreen_Generation = YES;
				INFOPLIST_KEY_UISupportedInterfaceOrientations_iPad = "UIInterfaceOrientationPortrait UIInterfaceOrientationPortraitUpsideDown UIInterfaceOrientationLandscapeLeft UIInterfaceOrientationLandscapeRight";
				INFOPLIST_KEY_UISupportedInterfaceOrientations_iPhone = "UIInterfaceOrientationPortrait UIInterfaceOrientationLandscapeLeft UIInterfaceOrientationLandscapeRight";
				LD_RUNPATH_SEARCH_PATHS = (
					"$(inherited)",
					"@executable_path/Frameworks",
				);
				MARKETING_VERSION = 1.0;
				PRODUCT_BUNDLE_IDENTIFIER = com.girofesta.sarah.Burden;
				PRODUCT_NAME = "$(TARGET_NAME)";
				SWIFT_EMIT_LOC_STRINGS = YES;
				SWIFT_VERSION = 5.0;
				TARGETED_DEVICE_FAMILY = "1,2";
			};
			name = Debug;
		};
		1B30F82729015C20003BBE2C /* Release */ = {
			isa = XCBuildConfiguration;
			buildSettings = {
				ASSETCATALOG_COMPILER_APPICON_NAME = AppIcon;
				ASSETCATALOG_COMPILER_GLOBAL_ACCENT_COLOR_NAME = AccentColor;
				CODE_SIGN_STYLE = Automatic;
				CURRENT_PROJECT_VERSION = 1;
				DEVELOPMENT_ASSET_PATHS = "\"Burden/Preview Content\"";
				DEVELOPMENT_TEAM = A6GC5K5ERX;
				ENABLE_PREVIEWS = YES;
				GENERATE_INFOPLIST_FILE = YES;
				INFOPLIST_KEY_UIApplicationSceneManifest_Generation = YES;
				INFOPLIST_KEY_UIApplicationSupportsIndirectInputEvents = YES;
				INFOPLIST_KEY_UILaunchScreen_Generation = YES;
				INFOPLIST_KEY_UISupportedInterfaceOrientations_iPad = "UIInterfaceOrientationPortrait UIInterfaceOrientationPortraitUpsideDown UIInterfaceOrientationLandscapeLeft UIInterfaceOrientationLandscapeRight";
				INFOPLIST_KEY_UISupportedInterfaceOrientations_iPhone = "UIInterfaceOrientationPortrait UIInterfaceOrientationLandscapeLeft UIInterfaceOrientationLandscapeRight";
				LD_RUNPATH_SEARCH_PATHS = (
					"$(inherited)",
					"@executable_path/Frameworks",
				);
				MARKETING_VERSION = 1.0;
				PRODUCT_BUNDLE_IDENTIFIER = com.girofesta.sarah.Burden;
				PRODUCT_NAME = "$(TARGET_NAME)";
				SWIFT_EMIT_LOC_STRINGS = YES;
				SWIFT_VERSION = 5.0;
				TARGETED_DEVICE_FAMILY = "1,2";
			};
			name = Release;
		};
		1B30F82929015C20003BBE2C /* Debug */ = {
			isa = XCBuildConfiguration;
			buildSettings = {
				ALWAYS_EMBED_SWIFT_STANDARD_LIBRARIES = YES;
				BUNDLE_LOADER = "$(TEST_HOST)";
				CODE_SIGN_STYLE = Automatic;
				CURRENT_PROJECT_VERSION = 1;
				GENERATE_INFOPLIST_FILE = YES;
				IPHONEOS_DEPLOYMENT_TARGET = 16.0;
				MARKETING_VERSION = 1.0;
				PRODUCT_BUNDLE_IDENTIFIER = com.girofesta.BurdenTests;
				PRODUCT_NAME = "$(TARGET_NAME)";
				SWIFT_EMIT_LOC_STRINGS = NO;
				SWIFT_VERSION = 5.0;
				TARGETED_DEVICE_FAMILY = "1,2";
				TEST_HOST = "$(BUILT_PRODUCTS_DIR)/Burden.app/$(BUNDLE_EXECUTABLE_FOLDER_PATH)/Burden";
			};
			name = Debug;
		};
		1B30F82A29015C20003BBE2C /* Release */ = {
			isa = XCBuildConfiguration;
			buildSettings = {
				ALWAYS_EMBED_SWIFT_STANDARD_LIBRARIES = YES;
				BUNDLE_LOADER = "$(TEST_HOST)";
				CODE_SIGN_STYLE = Automatic;
				CURRENT_PROJECT_VERSION = 1;
				GENERATE_INFOPLIST_FILE = YES;
				IPHONEOS_DEPLOYMENT_TARGET = 16.0;
				MARKETING_VERSION = 1.0;
				PRODUCT_BUNDLE_IDENTIFIER = com.girofesta.BurdenTests;
				PRODUCT_NAME = "$(TARGET_NAME)";
				SWIFT_EMIT_LOC_STRINGS = NO;
				SWIFT_VERSION = 5.0;
				TARGETED_DEVICE_FAMILY = "1,2";
				TEST_HOST = "$(BUILT_PRODUCTS_DIR)/Burden.app/$(BUNDLE_EXECUTABLE_FOLDER_PATH)/Burden";
			};
			name = Release;
		};
		1B30F82C29015C20003BBE2C /* Debug */ = {
			isa = XCBuildConfiguration;
			buildSettings = {
				ALWAYS_EMBED_SWIFT_STANDARD_LIBRARIES = YES;
				CODE_SIGN_STYLE = Automatic;
				CURRENT_PROJECT_VERSION = 1;
				GENERATE_INFOPLIST_FILE = YES;
				MARKETING_VERSION = 1.0;
				PRODUCT_BUNDLE_IDENTIFIER = com.girofesta.BurdenUITests;
				PRODUCT_NAME = "$(TARGET_NAME)";
				SWIFT_EMIT_LOC_STRINGS = NO;
				SWIFT_VERSION = 5.0;
				TARGETED_DEVICE_FAMILY = "1,2";
				TEST_TARGET_NAME = Burden;
			};
			name = Debug;
		};
		1B30F82D29015C20003BBE2C /* Release */ = {
			isa = XCBuildConfiguration;
			buildSettings = {
				ALWAYS_EMBED_SWIFT_STANDARD_LIBRARIES = YES;
				CODE_SIGN_STYLE = Automatic;
				CURRENT_PROJECT_VERSION = 1;
				GENERATE_INFOPLIST_FILE = YES;
				MARKETING_VERSION = 1.0;
				PRODUCT_BUNDLE_IDENTIFIER = com.girofesta.BurdenUITests;
				PRODUCT_NAME = "$(TARGET_NAME)";
				SWIFT_EMIT_LOC_STRINGS = NO;
				SWIFT_VERSION = 5.0;
				TARGETED_DEVICE_FAMILY = "1,2";
				TEST_TARGET_NAME = Burden;
			};
			name = Release;
		};
/* End XCBuildConfiguration section */

/* Begin XCConfigurationList section */
		1B30F7FC29015C1F003BBE2C /* Build configuration list for PBXProject "Burden" */ = {
			isa = XCConfigurationList;
			buildConfigurations = (
				1B30F82329015C20003BBE2C /* Debug */,
				1B30F82429015C20003BBE2C /* Release */,
			);
			defaultConfigurationIsVisible = 0;
			defaultConfigurationName = Release;
		};
		1B30F82529015C20003BBE2C /* Build configuration list for PBXNativeTarget "Burden" */ = {
			isa = XCConfigurationList;
			buildConfigurations = (
				1B30F82629015C20003BBE2C /* Debug */,
				1B30F82729015C20003BBE2C /* Release */,
			);
			defaultConfigurationIsVisible = 0;
			defaultConfigurationName = Release;
		};
		1B30F82829015C20003BBE2C /* Build configuration list for PBXNativeTarget "BurdenTests" */ = {
			isa = XCConfigurationList;
			buildConfigurations = (
				1B30F82929015C20003BBE2C /* Debug */,
				1B30F82A29015C20003BBE2C /* Release */,
			);
			defaultConfigurationIsVisible = 0;
			defaultConfigurationName = Release;
		};
		1B30F82B29015C20003BBE2C /* Build configuration list for PBXNativeTarget "BurdenUITests" */ = {
			isa = XCConfigurationList;
			buildConfigurations = (
				1B30F82C29015C20003BBE2C /* Debug */,
				1B30F82D29015C20003BBE2C /* Release */,
			);
			defaultConfigurationIsVisible = 0;
			defaultConfigurationName = Release;
		};
/* End XCConfigurationList section */
	};
	rootObject = 1B30F7F929015C1F003BBE2C /* Project object */;
}
